
Microsoft Visual Studio Solution File, Format Version 12.00
# Visual Studio 15
VisualStudioVersion = 15.0.28307.645
MinimumVisualStudioVersion = 10.0.40219.1
Project("{FAE04EC0-301F-11D3-BF4B-00C04F79EFBC}") = "ClassLibrary1", "ClassLibrary1.csproj", "{3F74E892-A4DC-4205-B9AA-4383F178CB2F}"
EndProject
Global
	GlobalSection(SolutionConfigurationPlatforms) = preSolution
		Debug|Any CPU = Debug|Any CPU
		Release|Any CPU = Release|Any CPU
	EndGlobalSection
	GlobalSection(ProjectConfigurationPlatforms) = postSolution
		{3F74E892-A4DC-4205-B9AA-4383F178CB2F}.Debug|Any CPU.ActiveCfg = Debug|Any CPU
		{3F74E892-A4DC-4205-B9AA-4383F178CB2F}.Debug|Any CPU.Build.0 = Debug|Any CPU
		{3F74E892-A4DC-4205-B9AA-4383F178CB2F}.Release|Any CPU.ActiveCfg = Release|Any CPU
		{3F74E892-A4DC-4205-B9AA-4383F178CB2F}.Release|Any CPU.Build.0 = Release|Any CPU
	EndGlobalSection
	GlobalSection(SolutionProperties) = preSolution
		HideSolutionNode = FALSE
	EndGlobalSection
	GlobalSection(ExtensibilityGlobals) = postSolution
		SolutionGuid = {A53C91C7-8E12-4458-A0B4-93F05DB40C63}
	EndGlobalSection
EndGlobal
